
Microsoft Visual Studio Solution File, Format Version 11.00
# Visual Studio 2010
Project("{FAE04EC0-301F-11D3-BF4B-00C04F79EFBC}") = "freqout", "freqout\freqout.csproj", "{18492051-0021-41B0-9D65-398FDA650EB4}"
EndProject
Project("{FAE04EC0-301F-11D3-BF4B-00C04F79EFBC}") = "FREQSeq", "FREQSeq\FREQSeq.csproj", "{2AC1F66B-6926-4F02-A537-A7F09D0BCEA3}"
EndProject
Global
	GlobalSection(SolutionConfigurationPlatforms) = preSolution
		Debug|Any CPU = Debug|Any CPU
		Release|Any CPU = Release|Any CPU
	EndGlobalSection
	GlobalSection(ProjectConfigurationPlatforms) = postSolution
		{18492051-0021-41B0-9D65-398FDA650EB4}.Debug|Any CPU.ActiveCfg = Debug|x86
		{18492051-0021-41B0-9D65-398FDA650EB4}.Debug|Any CPU.Build.0 = Debug|x86
		{18492051-0021-41B0-9D65-398FDA650EB4}.Release|Any CPU.ActiveCfg = Debug|x86
		{18492051-0021-41B0-9D65-398FDA650EB4}.Release|Any CPU.Build.0 = Debug|x86
		{2AC1F66B-6926-4F02-A537-A7F09D0BCEA3}.Debug|Any CPU.ActiveCfg = Debug|Any CPU
		{2AC1F66B-6926-4F02-A537-A7F09D0BCEA3}.Debug|Any CPU.Build.0 = Debug|Any CPU
		{2AC1F66B-6926-4F02-A537-A7F09D0BCEA3}.Release|Any CPU.ActiveCfg = Release|Any CPU
		{2AC1F66B-6926-4F02-A537-A7F09D0BCEA3}.Release|Any CPU.Build.0 = Release|Any CPU
	EndGlobalSection
	GlobalSection(MonoDevelopProperties) = preSolution
		StartupItem = freqout\freqout.csproj
	EndGlobalSection
	GlobalSection(SolutionProperties) = preSolution
		HideSolutionNode = FALSE
	EndGlobalSection
EndGlobal
